
Microsoft Visual Studio Solution File, Format Version 12.00
# Visual Studio Version 17
VisualStudioVersion = 17.11.35222.181
MinimumVisualStudioVersion = 10.0.40219.1
Project("{FAE04EC0-301F-11D3-BF4B-00C04F79EFBC}") = "Lab2", "Lab2.csproj", "{8F3B81D8-B0EB-45CB-B34F-92AB4FA480E1}"
EndProject
Global
	GlobalSection(SolutionConfigurationPlatforms) = preSolution
		Debug|Any CPU = Debug|Any CPU
		Release|Any CPU = Release|Any CPU
	EndGlobalSection
	GlobalSection(ProjectConfigurationPlatforms) = postSolution
		{8F3B81D8-B0EB-45CB-B34F-92AB4FA480E1}.Debug|Any CPU.ActiveCfg = Debug|Any CPU
		{8F3B81D8-B0EB-45CB-B34F-92AB4FA480E1}.Debug|Any CPU.Build.0 = Debug|Any CPU
		{8F3B81D8-B0EB-45CB-B34F-92AB4FA480E1}.Release|Any CPU.ActiveCfg = Release|Any CPU
		{8F3B81D8-B0EB-45CB-B34F-92AB4FA480E1}.Release|Any CPU.Build.0 = Release|Any CPU
	EndGlobalSection
	GlobalSection(SolutionProperties) = preSolution
		HideSolutionNode = FALSE
	EndGlobalSection
	GlobalSection(ExtensibilityGlobals) = postSolution
		SolutionGuid = {4A0EE23B-3046-4065-9574-EB1B4C8F9EB8}
	EndGlobalSection
EndGlobal
